# Generated by pub
# See https://dart.dev/tools/pub/glossary#lockfile
packages:
  collection:
    dependency: "direct main"
    description:
      name: collection
      sha256: ef7e3a5529178ce8f37a9d0b11cbbc8b1e025940f9cf9f76c42da6796301219d
      url: "https://pub.dev"
    source: hosted
    version: "1.16.0"
  local:
    dependency: "direct main"
    description:
      path: local
      relative: true
    source: path
    version: "1.0.0"
  lotum_analysis:
    dependency: "direct main"
    description:
      path: "."
      ref: "lotum_analysis-v1.0.2"
      resolved-ref: "98524521247002cfc864148b805ab5df970d5dc5"
      url: "https://github.com/lotum/lotum_analysis.git"
    source: git
    version: "1.0.1"
  meta:
    dependency: "direct main"
    description:
      name: meta
      sha256: "5202fdd37b4da5fd14a237ed0a01cad6c1efd4c99b5b5a0d3c9237f3728c9485"
      url: "https://pub.dev"
    source: hosted
    version: "1.7.0"
  path:
    dependency: "direct main"
    description:
      name: path
      sha256: "77ab9b015de381f5afddaeaae9a88295062e005581544241e5b364b583cb010a"
      url: "https://pub.dev"
    source: hosted
    version: "1.7.0"
sdks:
  dart: ">=2.19.6 <3.0.0"
